
Microsoft Visual Studio Solution File, Format Version 12.00
# Visual Studio 15
VisualStudioVersion = 15.0.27428.2027
MinimumVisualStudioVersion = 10.0.40219.1
Project("{FAE04EC0-301F-11D3-BF4B-00C04F79EFBC}") = "SmartPrice", "SmartPrice\SmartPrice.csproj", "{6FD1D15B-18FA-48B1-AA7C-CCB23C925278}"
EndProject
Project("{2150E333-8FDC-42A3-9474-1A3956D46DE8}") = "DataLayer", "DataLayer", "{1E3602E9-C06D-4194-B6B4-DAED85BAA7FD}"
EndProject
Project("{FAE04EC0-301F-11D3-BF4B-00C04F79EFBC}") = "SmartPrice.DL.EFDataLayer", "SmartPrice.DL.EFDataLayer\SmartPrice.DL.EFDataLayer.csproj", "{DD82C1F3-4489-485B-BD7F-254DB519E4E3}"
EndProject
Project("{FAE04EC0-301F-11D3-BF4B-00C04F79EFBC}") = "SmartPrice.DL.DataLayerContract", "SmartPrice.DL.DataLayerContract\SmartPrice.DL.DataLayerContract.csproj", "{37D9804D-7640-48BC-B513-AE8B5208CD4E}"
EndProject
Project("{2150E333-8FDC-42A3-9474-1A3956D46DE8}") = "BusinessLayer", "BusinessLayer", "{A85C6595-4BC1-40E1-83FB-6CB4CFC73DB6}"
EndProject
Project("{FAE04EC0-301F-11D3-BF4B-00C04F79EFBC}") = "SmartPrice.BL.BusinessLayerContracts", "SmartPrice.BL.BusinessLayerContracts\SmartPrice.BL.BusinessLayerContracts.csproj", "{5C7CFD7A-413D-41DA-B4FA-BFC2105D2840}"
EndProject
Project("{FAE04EC0-301F-11D3-BF4B-00C04F79EFBC}") = "SmartPrice.BL.BusinessLayerImpl", "SmartPrice.BL.BusinessLayerImpl\SmartPrice.BL.BusinessLayerImpl.csproj", "{55852FF7-0B78-438E-8C96-5277B75A7448}"
EndProject
Project("{2150E333-8FDC-42A3-9474-1A3956D46DE8}") = "IoC", "IoC", "{D0ED033F-DD9B-4D69-854B-03E0F6FF2ABF}"
EndProject
Project("{FAE04EC0-301F-11D3-BF4B-00C04F79EFBC}") = "SmartPrice.IoC.DI", "SmartPrice.IoC.DI\SmartPrice.IoC.DI.csproj", "{B2EC20B8-913B-41DC-A9CF-7B3A60285CD6}"
EndProject
Project("{2150E333-8FDC-42A3-9474-1A3956D46DE8}") = "ServiceHost", "ServiceHost", "{36C465B2-C425-4086-B775-9ADC16B932D1}"
EndProject
Project("{FAE04EC0-301F-11D3-BF4B-00C04F79EFBC}") = "SmartPriceWebAPI", "SmartPriceWebAPI\SmartPriceWebAPI.csproj", "{45F84D3F-FE89-45AD-8105-6D2B7927BC8E}"
EndProject
Global
	GlobalSection(SolutionConfigurationPlatforms) = preSolution
		Debug|Any CPU = Debug|Any CPU
		Release|Any CPU = Release|Any CPU
	EndGlobalSection
	GlobalSection(ProjectConfigurationPlatforms) = postSolution
		{6FD1D15B-18FA-48B1-AA7C-CCB23C925278}.Debug|Any CPU.ActiveCfg = Debug|Any CPU
		{6FD1D15B-18FA-48B1-AA7C-CCB23C925278}.Debug|Any CPU.Build.0 = Debug|Any CPU
		{6FD1D15B-18FA-48B1-AA7C-CCB23C925278}.Debug|Any CPU.Deploy.0 = Debug|Any CPU
		{6FD1D15B-18FA-48B1-AA7C-CCB23C925278}.Release|Any CPU.ActiveCfg = Release|Any CPU
		{6FD1D15B-18FA-48B1-AA7C-CCB23C925278}.Release|Any CPU.Build.0 = Release|Any CPU
		{6FD1D15B-18FA-48B1-AA7C-CCB23C925278}.Release|Any CPU.Deploy.0 = Release|Any CPU
		{DD82C1F3-4489-485B-BD7F-254DB519E4E3}.Debug|Any CPU.ActiveCfg = Debug|Any CPU
		{DD82C1F3-4489-485B-BD7F-254DB519E4E3}.Debug|Any CPU.Build.0 = Debug|Any CPU
		{DD82C1F3-4489-485B-BD7F-254DB519E4E3}.Release|Any CPU.ActiveCfg = Release|Any CPU
		{DD82C1F3-4489-485B-BD7F-254DB519E4E3}.Release|Any CPU.Build.0 = Release|Any CPU
		{37D9804D-7640-48BC-B513-AE8B5208CD4E}.Debug|Any CPU.ActiveCfg = Debug|Any CPU
		{37D9804D-7640-48BC-B513-AE8B5208CD4E}.Debug|Any CPU.Build.0 = Debug|Any CPU
		{37D9804D-7640-48BC-B513-AE8B5208CD4E}.Release|Any CPU.ActiveCfg = Release|Any CPU
		{37D9804D-7640-48BC-B513-AE8B5208CD4E}.Release|Any CPU.Build.0 = Release|Any CPU
		{5C7CFD7A-413D-41DA-B4FA-BFC2105D2840}.Debug|Any CPU.ActiveCfg = Debug|Any CPU
		{5C7CFD7A-413D-41DA-B4FA-BFC2105D2840}.Debug|Any CPU.Build.0 = Debug|Any CPU
		{5C7CFD7A-413D-41DA-B4FA-BFC2105D2840}.Release|Any CPU.ActiveCfg = Release|Any CPU
		{5C7CFD7A-413D-41DA-B4FA-BFC2105D2840}.Release|Any CPU.Build.0 = Release|Any CPU
		{55852FF7-0B78-438E-8C96-5277B75A7448}.Debug|Any CPU.ActiveCfg = Debug|Any CPU
		{55852FF7-0B78-438E-8C96-5277B75A7448}.Debug|Any CPU.Build.0 = Debug|Any CPU
		{55852FF7-0B78-438E-8C96-5277B75A7448}.Release|Any CPU.ActiveCfg = Release|Any CPU
		{55852FF7-0B78-438E-8C96-5277B75A7448}.Release|Any CPU.Build.0 = Release|Any CPU
		{B2EC20B8-913B-41DC-A9CF-7B3A60285CD6}.Debug|Any CPU.ActiveCfg = Debug|Any CPU
		{B2EC20B8-913B-41DC-A9CF-7B3A60285CD6}.Debug|Any CPU.Build.0 = Debug|Any CPU
		{B2EC20B8-913B-41DC-A9CF-7B3A60285CD6}.Release|Any CPU.ActiveCfg = Release|Any CPU
		{B2EC20B8-913B-41DC-A9CF-7B3A60285CD6}.Release|Any CPU.Build.0 = Release|Any CPU
		{45F84D3F-FE89-45AD-8105-6D2B7927BC8E}.Debug|Any CPU.ActiveCfg = Debug|Any CPU
		{45F84D3F-FE89-45AD-8105-6D2B7927BC8E}.Debug|Any CPU.Build.0 = Debug|Any CPU
		{45F84D3F-FE89-45AD-8105-6D2B7927BC8E}.Release|Any CPU.ActiveCfg = Release|Any CPU
		{45F84D3F-FE89-45AD-8105-6D2B7927BC8E}.Release|Any CPU.Build.0 = Release|Any CPU
	EndGlobalSection
	GlobalSection(SolutionProperties) = preSolution
		HideSolutionNode = FALSE
	EndGlobalSection
	GlobalSection(NestedProjects) = preSolution
		{DD82C1F3-4489-485B-BD7F-254DB519E4E3} = {1E3602E9-C06D-4194-B6B4-DAED85BAA7FD}
		{37D9804D-7640-48BC-B513-AE8B5208CD4E} = {1E3602E9-C06D-4194-B6B4-DAED85BAA7FD}
		{5C7CFD7A-413D-41DA-B4FA-BFC2105D2840} = {A85C6595-4BC1-40E1-83FB-6CB4CFC73DB6}
		{55852FF7-0B78-438E-8C96-5277B75A7448} = {A85C6595-4BC1-40E1-83FB-6CB4CFC73DB6}
		{B2EC20B8-913B-41DC-A9CF-7B3A60285CD6} = {D0ED033F-DD9B-4D69-854B-03E0F6FF2ABF}
		{45F84D3F-FE89-45AD-8105-6D2B7927BC8E} = {36C465B2-C425-4086-B775-9ADC16B932D1}
	EndGlobalSection
	GlobalSection(ExtensibilityGlobals) = postSolution
		SolutionGuid = {EBE0D0FB-D191-4A9C-829C-07466B3218F0}
	EndGlobalSection
EndGlobal
